
Microsoft Visual Studio Solution File, Format Version 12.00
# Visual Studio Version 17
VisualStudioVersion = 17.2.32630.192
MinimumVisualStudioVersion = 10.0.40219.1
Project("{9A19103F-16F7-4668-BE54-9A1E7A4F7556}") = "APIGateway", "src\APIGateway\APIGateway.csproj", "{1824A494-00A5-4CD3-A28D-A4923B9CF0D2}"
EndProject
Project("{9A19103F-16F7-4668-BE54-9A1E7A4F7556}") = "UnitTest", "test\UnitTest\UnitTest.csproj", "{641F3236-0E88-4C21-A2BA-3335F47D6879}"
EndProject
Project("{2150E333-8FDC-42A3-9474-1A3956D46DE8}") = "Staff", "Staff", "{DC6ED58F-83CC-4576-805A-0E0C7AB1CD39}"
	ProjectSection(SolutionItems) = preProject
		src\Staff\Dockerfile = src\Staff\Dockerfile
	EndProjectSection
EndProject
Project("{9A19103F-16F7-4668-BE54-9A1E7A4F7556}") = "Staff.Core", "src\Staff\Core\Staff.Core.csproj", "{F6D45619-E792-4C8A-BAB3-D1DFB84E219C}"
EndProject
Project("{9A19103F-16F7-4668-BE54-9A1E7A4F7556}") = "Staff.Data", "src\Staff\Data\Staff.Data.csproj", "{5957BB7A-F713-4BEB-94D3-9CCAF35CBD25}"
EndProject
Project("{9A19103F-16F7-4668-BE54-9A1E7A4F7556}") = "Staff.API", "src\Staff\API\Staff.API.csproj", "{889BAB17-DC33-430D-9352-915AFE1587CE}"
EndProject
Project("{2150E333-8FDC-42A3-9474-1A3956D46DE8}") = "Solution Items", "Solution Items", "{20745592-C5BF-4462-821D-98168112D636}"
	ProjectSection(SolutionItems) = preProject
		compose.yml = compose.yml
	EndProjectSection
EndProject
Project("{2150E333-8FDC-42A3-9474-1A3956D46DE8}") = "src", "src", "{5FBA78A3-2E25-4BC1-8737-8CCF46CCC26A}"
EndProject
Project("{2150E333-8FDC-42A3-9474-1A3956D46DE8}") = "Identity", "Identity", "{B837D9BA-4B75-4A2E-BC0A-D4834F8C1927}"
EndProject
Project("{9A19103F-16F7-4668-BE54-9A1E7A4F7556}") = "Identity", "src\Identity\Identity.csproj", "{40984592-D1D8-44AA-A84E-4735955AB1AD}"
EndProject
Project("{2150E333-8FDC-42A3-9474-1A3956D46DE8}") = "RealTime", "RealTime", "{C183D623-A7A9-4639-BD76-CE850BCCDB59}"
EndProject
Project("{9A19103F-16F7-4668-BE54-9A1E7A4F7556}") = "SingalR.API", "src\SingalR\SingalR.API.csproj", "{7063E6DD-DE09-4FD6-81E3-E6771AE9991B}"
EndProject
Project("{2150E333-8FDC-42A3-9474-1A3956D46DE8}") = "Shared", "Shared", "{6D96DF42-E711-46A4-8581-5B98C86E309F}"
EndProject
Project("{9A19103F-16F7-4668-BE54-9A1E7A4F7556}") = "Shared", "src\Shared\Shared.csproj", "{AD115FAB-AAF1-43E3-87AF-9F1460327E08}"
EndProject
Global
	GlobalSection(SolutionConfigurationPlatforms) = preSolution
		Debug|Any CPU = Debug|Any CPU
		Release|Any CPU = Release|Any CPU
	EndGlobalSection
	GlobalSection(ProjectConfigurationPlatforms) = postSolution
		{1824A494-00A5-4CD3-A28D-A4923B9CF0D2}.Debug|Any CPU.ActiveCfg = Debug|Any CPU
		{1824A494-00A5-4CD3-A28D-A4923B9CF0D2}.Debug|Any CPU.Build.0 = Debug|Any CPU
		{1824A494-00A5-4CD3-A28D-A4923B9CF0D2}.Release|Any CPU.ActiveCfg = Release|Any CPU
		{1824A494-00A5-4CD3-A28D-A4923B9CF0D2}.Release|Any CPU.Build.0 = Release|Any CPU
		{641F3236-0E88-4C21-A2BA-3335F47D6879}.Debug|Any CPU.ActiveCfg = Debug|Any CPU
		{641F3236-0E88-4C21-A2BA-3335F47D6879}.Debug|Any CPU.Build.0 = Debug|Any CPU
		{641F3236-0E88-4C21-A2BA-3335F47D6879}.Release|Any CPU.ActiveCfg = Release|Any CPU
		{641F3236-0E88-4C21-A2BA-3335F47D6879}.Release|Any CPU.Build.0 = Release|Any CPU
		{F6D45619-E792-4C8A-BAB3-D1DFB84E219C}.Debug|Any CPU.ActiveCfg = Debug|Any CPU
		{F6D45619-E792-4C8A-BAB3-D1DFB84E219C}.Debug|Any CPU.Build.0 = Debug|Any CPU
		{F6D45619-E792-4C8A-BAB3-D1DFB84E219C}.Release|Any CPU.ActiveCfg = Release|Any CPU
		{F6D45619-E792-4C8A-BAB3-D1DFB84E219C}.Release|Any CPU.Build.0 = Release|Any CPU
		{5957BB7A-F713-4BEB-94D3-9CCAF35CBD25}.Debug|Any CPU.ActiveCfg = Debug|Any CPU
		{5957BB7A-F713-4BEB-94D3-9CCAF35CBD25}.Debug|Any CPU.Build.0 = Debug|Any CPU
		{5957BB7A-F713-4BEB-94D3-9CCAF35CBD25}.Release|Any CPU.ActiveCfg = Release|Any CPU
		{5957BB7A-F713-4BEB-94D3-9CCAF35CBD25}.Release|Any CPU.Build.0 = Release|Any CPU
		{889BAB17-DC33-430D-9352-915AFE1587CE}.Debug|Any CPU.ActiveCfg = Debug|Any CPU
		{889BAB17-DC33-430D-9352-915AFE1587CE}.Debug|Any CPU.Build.0 = Debug|Any CPU
		{889BAB17-DC33-430D-9352-915AFE1587CE}.Release|Any CPU.ActiveCfg = Release|Any CPU
		{889BAB17-DC33-430D-9352-915AFE1587CE}.Release|Any CPU.Build.0 = Release|Any CPU
		{40984592-D1D8-44AA-A84E-4735955AB1AD}.Debug|Any CPU.ActiveCfg = Debug|Any CPU
		{40984592-D1D8-44AA-A84E-4735955AB1AD}.Debug|Any CPU.Build.0 = Debug|Any CPU
		{40984592-D1D8-44AA-A84E-4735955AB1AD}.Release|Any CPU.ActiveCfg = Release|Any CPU
		{40984592-D1D8-44AA-A84E-4735955AB1AD}.Release|Any CPU.Build.0 = Release|Any CPU
		{7063E6DD-DE09-4FD6-81E3-E6771AE9991B}.Debug|Any CPU.ActiveCfg = Debug|Any CPU
		{7063E6DD-DE09-4FD6-81E3-E6771AE9991B}.Debug|Any CPU.Build.0 = Debug|Any CPU
		{7063E6DD-DE09-4FD6-81E3-E6771AE9991B}.Release|Any CPU.ActiveCfg = Release|Any CPU
		{7063E6DD-DE09-4FD6-81E3-E6771AE9991B}.Release|Any CPU.Build.0 = Release|Any CPU
		{AD115FAB-AAF1-43E3-87AF-9F1460327E08}.Debug|Any CPU.ActiveCfg = Debug|Any CPU
		{AD115FAB-AAF1-43E3-87AF-9F1460327E08}.Debug|Any CPU.Build.0 = Debug|Any CPU
		{AD115FAB-AAF1-43E3-87AF-9F1460327E08}.Release|Any CPU.ActiveCfg = Release|Any CPU
		{AD115FAB-AAF1-43E3-87AF-9F1460327E08}.Release|Any CPU.Build.0 = Release|Any CPU
	EndGlobalSection
	GlobalSection(SolutionProperties) = preSolution
		HideSolutionNode = FALSE
	EndGlobalSection
	GlobalSection(NestedProjects) = preSolution
		{1824A494-00A5-4CD3-A28D-A4923B9CF0D2} = {5FBA78A3-2E25-4BC1-8737-8CCF46CCC26A}
		{DC6ED58F-83CC-4576-805A-0E0C7AB1CD39} = {5FBA78A3-2E25-4BC1-8737-8CCF46CCC26A}
		{F6D45619-E792-4C8A-BAB3-D1DFB84E219C} = {DC6ED58F-83CC-4576-805A-0E0C7AB1CD39}
		{5957BB7A-F713-4BEB-94D3-9CCAF35CBD25} = {DC6ED58F-83CC-4576-805A-0E0C7AB1CD39}
		{889BAB17-DC33-430D-9352-915AFE1587CE} = {DC6ED58F-83CC-4576-805A-0E0C7AB1CD39}
		{B837D9BA-4B75-4A2E-BC0A-D4834F8C1927} = {5FBA78A3-2E25-4BC1-8737-8CCF46CCC26A}
		{40984592-D1D8-44AA-A84E-4735955AB1AD} = {B837D9BA-4B75-4A2E-BC0A-D4834F8C1927}
		{C183D623-A7A9-4639-BD76-CE850BCCDB59} = {5FBA78A3-2E25-4BC1-8737-8CCF46CCC26A}
		{7063E6DD-DE09-4FD6-81E3-E6771AE9991B} = {C183D623-A7A9-4639-BD76-CE850BCCDB59}
		{6D96DF42-E711-46A4-8581-5B98C86E309F} = {5FBA78A3-2E25-4BC1-8737-8CCF46CCC26A}
		{AD115FAB-AAF1-43E3-87AF-9F1460327E08} = {6D96DF42-E711-46A4-8581-5B98C86E309F}
	EndGlobalSection
	GlobalSection(ExtensibilityGlobals) = postSolution
		SolutionGuid = {F8CBDB89-85EE-4EF4-9BF8-D5A76D348967}
	EndGlobalSection
EndGlobal
